
Microsoft Visual Studio Solution File, Format Version 12.00
# Visual Studio Version 17
VisualStudioVersion = 17.7.34024.191
MinimumVisualStudioVersion = 10.0.40219.1
Project("{FAE04EC0-301F-11D3-BF4B-00C04F79EFBC}") = "ExceptionsHW", "ExceptionsHW.csproj", "{DC42360D-477D-41FA-963D-FC4C135E22D2}"
EndProject
Global
	GlobalSection(SolutionConfigurationPlatforms) = preSolution
		Debug|Any CPU = Debug|Any CPU
		Release|Any CPU = Release|Any CPU
	EndGlobalSection
	GlobalSection(ProjectConfigurationPlatforms) = postSolution
		{DC42360D-477D-41FA-963D-FC4C135E22D2}.Debug|Any CPU.ActiveCfg = Debug|Any CPU
		{DC42360D-477D-41FA-963D-FC4C135E22D2}.Debug|Any CPU.Build.0 = Debug|Any CPU
		{DC42360D-477D-41FA-963D-FC4C135E22D2}.Release|Any CPU.ActiveCfg = Release|Any CPU
		{DC42360D-477D-41FA-963D-FC4C135E22D2}.Release|Any CPU.Build.0 = Release|Any CPU
	EndGlobalSection
	GlobalSection(SolutionProperties) = preSolution
		HideSolutionNode = FALSE
	EndGlobalSection
	GlobalSection(ExtensibilityGlobals) = postSolution
		SolutionGuid = {0B418CFB-0CD6-4304-86B4-C29C2E710FBB}
	EndGlobalSection
EndGlobal
