
Microsoft Visual Studio Solution File, Format Version 12.00
# Visual Studio Version 17
VisualStudioVersion = 17.7.34024.191
MinimumVisualStudioVersion = 10.0.40219.1
Project("{9A19103F-16F7-4668-BE54-9A1E7A4F7556}") = "ExpenseTracker.WebAPI", "ExpenseTracker.WebAPI\ExpenseTracker.WebAPI.csproj", "{DE348B60-C6C0-4C5A-A0F0-690AD9CDEABB}"
EndProject
Project("{9A19103F-16F7-4668-BE54-9A1E7A4F7556}") = "ExpenseTracker.BL", "ExpenseTracker.BL\ExpenseTracker.BL.csproj", "{5A62C7AE-D78F-4BB9-BAFB-55AC77A15AC3}"
EndProject
Project("{9A19103F-16F7-4668-BE54-9A1E7A4F7556}") = "ExpenseTracker.DAL", "ExpenseTracker.DAL\ExpenseTracker.DAL.csproj", "{C23221F7-0FF4-4F03-979A-D0BDAC62CC0A}"
EndProject
Project("{9A19103F-16F7-4668-BE54-9A1E7A4F7556}") = "ExpenseTracker.DTO", "ExpenseTracker.DTO\ExpenseTracker.DTO.csproj", "{33D5D558-3F3A-4888-BFC2-F8A3AC1610DE}"
EndProject
Project("{FAE04EC0-301F-11D3-BF4B-00C04F79EFBC}") = "ExpenseTracker.UnitTesting", "ExpenseTracker.UnitTesting\ExpenseTracker.UnitTesting.csproj", "{B9A10E51-374E-40B3-A4D9-B487785AA4EF}"
EndProject
Global
	GlobalSection(SolutionConfigurationPlatforms) = preSolution
		Debug|Any CPU = Debug|Any CPU
		Release|Any CPU = Release|Any CPU
	EndGlobalSection
	GlobalSection(ProjectConfigurationPlatforms) = postSolution
		{DE348B60-C6C0-4C5A-A0F0-690AD9CDEABB}.Debug|Any CPU.ActiveCfg = Debug|Any CPU
		{DE348B60-C6C0-4C5A-A0F0-690AD9CDEABB}.Debug|Any CPU.Build.0 = Debug|Any CPU
		{DE348B60-C6C0-4C5A-A0F0-690AD9CDEABB}.Release|Any CPU.ActiveCfg = Release|Any CPU
		{DE348B60-C6C0-4C5A-A0F0-690AD9CDEABB}.Release|Any CPU.Build.0 = Release|Any CPU
		{5A62C7AE-D78F-4BB9-BAFB-55AC77A15AC3}.Debug|Any CPU.ActiveCfg = Debug|Any CPU
		{5A62C7AE-D78F-4BB9-BAFB-55AC77A15AC3}.Debug|Any CPU.Build.0 = Debug|Any CPU
		{5A62C7AE-D78F-4BB9-BAFB-55AC77A15AC3}.Release|Any CPU.ActiveCfg = Release|Any CPU
		{5A62C7AE-D78F-4BB9-BAFB-55AC77A15AC3}.Release|Any CPU.Build.0 = Release|Any CPU
		{C23221F7-0FF4-4F03-979A-D0BDAC62CC0A}.Debug|Any CPU.ActiveCfg = Debug|Any CPU
		{C23221F7-0FF4-4F03-979A-D0BDAC62CC0A}.Debug|Any CPU.Build.0 = Debug|Any CPU
		{C23221F7-0FF4-4F03-979A-D0BDAC62CC0A}.Release|Any CPU.ActiveCfg = Release|Any CPU
		{C23221F7-0FF4-4F03-979A-D0BDAC62CC0A}.Release|Any CPU.Build.0 = Release|Any CPU
		{33D5D558-3F3A-4888-BFC2-F8A3AC1610DE}.Debug|Any CPU.ActiveCfg = Debug|Any CPU
		{33D5D558-3F3A-4888-BFC2-F8A3AC1610DE}.Debug|Any CPU.Build.0 = Debug|Any CPU
		{33D5D558-3F3A-4888-BFC2-F8A3AC1610DE}.Release|Any CPU.ActiveCfg = Release|Any CPU
		{33D5D558-3F3A-4888-BFC2-F8A3AC1610DE}.Release|Any CPU.Build.0 = Release|Any CPU
		{B9A10E51-374E-40B3-A4D9-B487785AA4EF}.Debug|Any CPU.ActiveCfg = Debug|Any CPU
		{B9A10E51-374E-40B3-A4D9-B487785AA4EF}.Debug|Any CPU.Build.0 = Debug|Any CPU
		{B9A10E51-374E-40B3-A4D9-B487785AA4EF}.Release|Any CPU.ActiveCfg = Release|Any CPU
		{B9A10E51-374E-40B3-A4D9-B487785AA4EF}.Release|Any CPU.Build.0 = Release|Any CPU
	EndGlobalSection
	GlobalSection(SolutionProperties) = preSolution
		HideSolutionNode = FALSE
	EndGlobalSection
	GlobalSection(ExtensibilityGlobals) = postSolution
		SolutionGuid = {2D0C09DC-EDFF-4ACF-86C6-D671939B7A72}
	EndGlobalSection
EndGlobal
